
Microsoft Visual Studio Solution File, Format Version 12.00
# Visual Studio 2013
VisualStudioVersion = 12.0.30723.0
MinimumVisualStudioVersion = 10.0.40219.1
Project("{FAE04EC0-301F-11D3-BF4B-00C04F79EFBC}") = "CK.Releaser", "CK.Releaser\CK.Releaser.csproj", "{6464E791-1EA0-438E-A8C1-0108B31EA163}"
EndProject
Project("{FAE04EC0-301F-11D3-BF4B-00C04F79EFBC}") = "CKReleaser", "CKReleaser\CKReleaser.csproj", "{AA85304F-E706-4310-A5F6-9FFB4D064718}"
EndProject
Project("{2150E333-8FDC-42A3-9474-1A3956D46DE8}") = "Solution Items", "Solution Items", "{AE13DE57-E38D-48FD-89DD-EA73A1E30599}"
	ProjectSection(SolutionItems) = preProject
		SharedAssemblyInfo.cs = SharedAssemblyInfo.cs
	EndProjectSection
EndProject
Global
	GlobalSection(SolutionConfigurationPlatforms) = preSolution
		Debug|Any CPU = Debug|Any CPU
		Release|Any CPU = Release|Any CPU
	EndGlobalSection
	GlobalSection(ProjectConfigurationPlatforms) = postSolution
		{6464E791-1EA0-438E-A8C1-0108B31EA163}.Debug|Any CPU.ActiveCfg = Debug|Any CPU
		{6464E791-1EA0-438E-A8C1-0108B31EA163}.Debug|Any CPU.Build.0 = Debug|Any CPU
		{6464E791-1EA0-438E-A8C1-0108B31EA163}.Release|Any CPU.ActiveCfg = Release|Any CPU
		{6464E791-1EA0-438E-A8C1-0108B31EA163}.Release|Any CPU.Build.0 = Release|Any CPU
		{AA85304F-E706-4310-A5F6-9FFB4D064718}.Debug|Any CPU.ActiveCfg = Debug|Any CPU
		{AA85304F-E706-4310-A5F6-9FFB4D064718}.Debug|Any CPU.Build.0 = Debug|Any CPU
		{AA85304F-E706-4310-A5F6-9FFB4D064718}.Release|Any CPU.ActiveCfg = Release|Any CPU
		{AA85304F-E706-4310-A5F6-9FFB4D064718}.Release|Any CPU.Build.0 = Release|Any CPU
	EndGlobalSection
	GlobalSection(SolutionProperties) = preSolution
		HideSolutionNode = FALSE
	EndGlobalSection
EndGlobal
